
Microsoft Visual Studio Solution File, Format Version 12.00
# Visual Studio Version 17
VisualStudioVersion = 17.4.33213.308
MinimumVisualStudioVersion = 10.0.40219.1
Project("{FAE04EC0-301F-11D3-BF4B-00C04F79EFBC}") = "Weather-app", "Weather-app\Weather-app.csproj", "{91FDFA78-5966-4607-A18C-D4581FABD4FB}"
EndProject
Global
	GlobalSection(SolutionConfigurationPlatforms) = preSolution
		Debug|Any CPU = Debug|Any CPU
		Release|Any CPU = Release|Any CPU
	EndGlobalSection
	GlobalSection(ProjectConfigurationPlatforms) = postSolution
		{91FDFA78-5966-4607-A18C-D4581FABD4FB}.Debug|Any CPU.ActiveCfg = Debug|Any CPU
		{91FDFA78-5966-4607-A18C-D4581FABD4FB}.Debug|Any CPU.Build.0 = Debug|Any CPU
		{91FDFA78-5966-4607-A18C-D4581FABD4FB}.Release|Any CPU.ActiveCfg = Release|Any CPU
		{91FDFA78-5966-4607-A18C-D4581FABD4FB}.Release|Any CPU.Build.0 = Release|Any CPU
	EndGlobalSection
	GlobalSection(SolutionProperties) = preSolution
		HideSolutionNode = FALSE
	EndGlobalSection
	GlobalSection(ExtensibilityGlobals) = postSolution
		SolutionGuid = {0F86B162-2F0F-45BB-A3EA-3778BCE0F9C2}
	EndGlobalSection
EndGlobal
